// !$*UTF8*$!
{
	archiveVersion = 1;
	classes = {
	};
	objectVersion = 51;
	objects = {

/* Begin PBXBuildFile section */
		757E7C7DBF3E8C6DD1D032F5 /* Pods_QR_Code.framework in Frameworks */ = {isa = PBXBuildFile; fileRef = 345EF3AA156B64695F31455B /* Pods_QR_Code.framework */; };
		A2335174263A84E600E6B957 /* AppDelegate.swift in Sources */ = {isa = PBXBuildFile; fileRef = A2335173263A84E600E6B957 /* AppDelegate.swift */; };
		A2335178263A84E600E6B957 /* HomeViewController.swift in Sources */ = {isa = PBXBuildFile; fileRef = A2335177263A84E600E6B957 /* HomeViewController.swift */; };
		A233517D263A84E600E6B957 /* Assets.xcassets in Resources */ = {isa = PBXBuildFile; fileRef = A233517C263A84E600E6B957 /* Assets.xcassets */; };
		A2335180263A84E600E6B957 /* LaunchScreen.storyboard in Resources */ = {isa = PBXBuildFile; fileRef = A233517E263A84E600E6B957 /* LaunchScreen.storyboard */; };
		A2335188263AAD3700E6B957 /* QRCodeReaderViewController.swift in Sources */ = {isa = PBXBuildFile; fileRef = A2335187263AAD3700E6B957 /* QRCodeReaderViewController.swift */; };
		A243A06A264A6E7D00B69ED5 /* IbanNumberReader.swift in Sources */ = {isa = PBXBuildFile; fileRef = A243A069264A6E7D00B69ED5 /* IbanNumberReader.swift */; };
		A28F64272649B95E00CC4F33 /* IbanNumberScannerViewController.swift in Sources */ = {isa = PBXBuildFile; fileRef = A28F64232649B95E00CC4F33 /* IbanNumberScannerViewController.swift */; };
		A28F64282649B95E00CC4F33 /* BaseIbanNumberScannerViewController.swift in Sources */ = {isa = PBXBuildFile; fileRef = A28F64242649B95E00CC4F33 /* BaseIbanNumberScannerViewController.swift */; };
		A28F64292649B95E00CC4F33 /* IbanNumberScannerPreviewView.swift in Sources */ = {isa = PBXBuildFile; fileRef = A28F64252649B95E00CC4F33 /* IbanNumberScannerPreviewView.swift */; };
		A28F642A2649B95E00CC4F33 /* StringTracker.swift in Sources */ = {isa = PBXBuildFile; fileRef = A28F64262649B95E00CC4F33 /* StringTracker.swift */; };
		A2B4A83526413EB700BBA700 /* ScannerOverlayPreviewLayer.swift in Sources */ = {isa = PBXBuildFile; fileRef = A2B4A83426413EB700BBA700 /* ScannerOverlayPreviewLayer.swift */; };
		A2B4A839264146BC00BBA700 /* QRCodeGenerator.swift in Sources */ = {isa = PBXBuildFile; fileRef = A2B4A838264146BC00BBA700 /* QRCodeGenerator.swift */; };
/* End PBXBuildFile section */

/* Begin PBXFileReference section */
		345EF3AA156B64695F31455B /* Pods_QR_Code.framework */ = {isa = PBXFileReference; explicitFileType = wrapper.framework; includeInIndex = 0; path = Pods_QR_Code.framework; sourceTree = BUILT_PRODUCTS_DIR; };
		45EFB8C121C5BB9FF184181D /* Pods-QR-Code.release.xcconfig */ = {isa = PBXFileReference; includeInIndex = 1; lastKnownFileType = text.xcconfig; name = "Pods-QR-Code.release.xcconfig"; path = "Target Support Files/Pods-QR-Code/Pods-QR-Code.release.xcconfig"; sourceTree = "<group>"; };
		7F02B053D40BB43C9544F76E /* Pods-QR-Code.debug.xcconfig */ = {isa = PBXFileReference; includeInIndex = 1; lastKnownFileType = text.xcconfig; name = "Pods-QR-Code.debug.xcconfig"; path = "Target Support Files/Pods-QR-Code/Pods-QR-Code.debug.xcconfig"; sourceTree = "<group>"; };
		A2335170263A84E600E6B957 /* QR-Code.app */ = {isa = PBXFileReference; explicitFileType = wrapper.application; includeInIndex = 0; path = "QR-Code.app"; sourceTree = BUILT_PRODUCTS_DIR; };
		A2335173263A84E600E6B957 /* AppDelegate.swift */ = {isa = PBXFileReference; lastKnownFileType = sourcecode.swift; path = AppDelegate.swift; sourceTree = "<group>"; };
		A2335177263A84E600E6B957 /* HomeViewController.swift */ = {isa = PBXFileReference; lastKnownFileType = sourcecode.swift; path = HomeViewController.swift; sourceTree = "<group>"; };
		A233517C263A84E600E6B957 /* Assets.xcassets */ = {isa = PBXFileReference; lastKnownFileType = folder.assetcatalog; path = Assets.xcassets; sourceTree = "<group>"; };
		A233517F263A84E600E6B957 /* Base */ = {isa = PBXFileReference; lastKnownFileType = file.storyboard; name = Base; path = Base.lproj/LaunchScreen.storyboard; sourceTree = "<group>"; };
		A2335181263A84E600E6B957 /* Info.plist */ = {isa = PBXFileReference; lastKnownFileType = text.plist.xml; path = Info.plist; sourceTree = "<group>"; };
		A2335187263AAD3700E6B957 /* QRCodeReaderViewController.swift */ = {isa = PBXFileReference; lastKnownFileType = sourcecode.swift; path = QRCodeReaderViewController.swift; sourceTree = "<group>"; };
		A243A069264A6E7D00B69ED5 /* IbanNumberReader.swift */ = {isa = PBXFileReference; lastKnownFileType = sourcecode.swift; path = IbanNumberReader.swift; sourceTree = "<group>"; };
		A28F64232649B95E00CC4F33 /* IbanNumberScannerViewController.swift */ = {isa = PBXFileReference; fileEncoding = 4; lastKnownFileType = sourcecode.swift; path = IbanNumberScannerViewController.swift; sourceTree = "<group>"; };
		A28F64242649B95E00CC4F33 /* BaseIbanNumberScannerViewController.swift */ = {isa = PBXFileReference; fileEncoding = 4; lastKnownFileType = sourcecode.swift; path = BaseIbanNumberScannerViewController.swift; sourceTree = "<group>"; };
		A28F64252649B95E00CC4F33 /* IbanNumberScannerPreviewView.swift */ = {isa = PBXFileReference; fileEncoding = 4; lastKnownFileType = sourcecode.swift; path = IbanNumberScannerPreviewView.swift; sourceTree = "<group>"; };
		A28F64262649B95E00CC4F33 /* StringTracker.swift */ = {isa = PBXFileReference; fileEncoding = 4; lastKnownFileType = sourcecode.swift; path = StringTracker.swift; sourceTree = "<group>"; };
		A2B4A83426413EB700BBA700 /* ScannerOverlayPreviewLayer.swift */ = {isa = PBXFileReference; lastKnownFileType = sourcecode.swift; path = ScannerOverlayPreviewLayer.swift; sourceTree = "<group>"; };
		A2B4A838264146BC00BBA700 /* QRCodeGenerator.swift */ = {isa = PBXFileReference; lastKnownFileType = sourcecode.swift; path = QRCodeGenerator.swift; sourceTree = "<group>"; };
/* End PBXFileReference section */

/* Begin PBXFrameworksBuildPhase section */
		A233516D263A84E600E6B957 /* Frameworks */ = {
			isa = PBXFrameworksBuildPhase;
			buildActionMask = 2147483647;
			files = (
				757E7C7DBF3E8C6DD1D032F5 /* Pods_QR_Code.framework in Frameworks */,
			);
			runOnlyForDeploymentPostprocessing = 0;
		};
/* End PBXFrameworksBuildPhase section */

/* Begin PBXGroup section */
		0AA1CA7FD899471F7F3DC1AB /* Frameworks */ = {
			isa = PBXGroup;
			children = (
				345EF3AA156B64695F31455B /* Pods_QR_Code.framework */,
			);
			name = Frameworks;
			sourceTree = "<group>";
		};
		3A5B287B4BE80B295B1AA3F4 /* Pods */ = {
			isa = PBXGroup;
			children = (
				7F02B053D40BB43C9544F76E /* Pods-QR-Code.debug.xcconfig */,
				45EFB8C121C5BB9FF184181D /* Pods-QR-Code.release.xcconfig */,
			);
			path = Pods;
			sourceTree = "<group>";
		};
		A2335167263A84E600E6B957 = {
			isa = PBXGroup;
			children = (
				A2335172263A84E600E6B957 /* QR-Code */,
				A2335171263A84E600E6B957 /* Products */,
				3A5B287B4BE80B295B1AA3F4 /* Pods */,
				0AA1CA7FD899471F7F3DC1AB /* Frameworks */,
			);
			sourceTree = "<group>";
		};
		A2335171263A84E600E6B957 /* Products */ = {
			isa = PBXGroup;
			children = (
				A2335170263A84E600E6B957 /* QR-Code.app */,
			);
			name = Products;
			sourceTree = "<group>";
		};
		A2335172263A84E600E6B957 /* QR-Code */ = {
			isa = PBXGroup;
			children = (
				A2335173263A84E600E6B957 /* AppDelegate.swift */,
				A2B4A83A2641470100BBA700 /* Home */,
				A2B4A8372641462600BBA700 /* QRCode */,
				A2B4A836264142B700BBA700 /* AVCaptureVideoPreviewLayer */,
				A2A5235F264420BB0044901C /* IbanNumber */,
				A233517C263A84E600E6B957 /* Assets.xcassets */,
				A233517E263A84E600E6B957 /* LaunchScreen.storyboard */,
				A2335181263A84E600E6B957 /* Info.plist */,
			);
			path = "QR-Code";
			sourceTree = "<group>";
		};
		A2A5235F264420BB0044901C /* IbanNumber */ = {
			isa = PBXGroup;
			children = (
				A28F64252649B95E00CC4F33 /* IbanNumberScannerPreviewView.swift */,
				A28F64242649B95E00CC4F33 /* BaseIbanNumberScannerViewController.swift */,
				A28F64232649B95E00CC4F33 /* IbanNumberScannerViewController.swift */,
				A28F64262649B95E00CC4F33 /* StringTracker.swift */,
				A243A069264A6E7D00B69ED5 /* IbanNumberReader.swift */,
			);
			path = IbanNumber;
			sourceTree = "<group>";
		};
		A2B4A836264142B700BBA700 /* AVCaptureVideoPreviewLayer */ = {
			isa = PBXGroup;
			children = (
				A2B4A83426413EB700BBA700 /* ScannerOverlayPreviewLayer.swift */,
			);
			path = AVCaptureVideoPreviewLayer;
			sourceTree = "<group>";
		};
		A2B4A8372641462600BBA700 /* QRCode */ = {
			isa = PBXGroup;
			children = (
				A2B4A838264146BC00BBA700 /* QRCodeGenerator.swift */,
				A2335187263AAD3700E6B957 /* QRCodeReaderViewController.swift */,
			);
			path = QRCode;
			sourceTree = "<group>";
		};
		A2B4A83A2641470100BBA700 /* Home */ = {
			isa = PBXGroup;
			children = (
				A2335177263A84E600E6B957 /* HomeViewController.swift */,
			);
			path = Home;
			sourceTree = "<group>";
		};
/* End PBXGroup section */

/* Begin PBXNativeTarget section */
		A233516F263A84E600E6B957 /* QR-Code */ = {
			isa = PBXNativeTarget;
			buildConfigurationList = A2335184263A84E600E6B957 /* Build configuration list for PBXNativeTarget "QR-Code" */;
			buildPhases = (
				9BAB67163D0B4B65DC2C7606 /* [CP] Check Pods Manifest.lock */,
				A233516C263A84E600E6B957 /* Sources */,
				A233516D263A84E600E6B957 /* Frameworks */,
				A233516E263A84E600E6B957 /* Resources */,
				6E477C57D2E8C46EB4781F26 /* [CP] Embed Pods Frameworks */,
			);
			buildRules = (
			);
			dependencies = (
			);
			name = "QR-Code";
			productName = "QR-Code";
			productReference = A2335170263A84E600E6B957 /* QR-Code.app */;
			productType = "com.apple.product-type.application";
		};
/* End PBXNativeTarget section */

/* Begin PBXProject section */
		A2335168263A84E600E6B957 /* Project object */ = {
			isa = PBXProject;
			attributes = {
				LastSwiftUpdateCheck = 1250;
				LastUpgradeCheck = 1250;
				TargetAttributes = {
					A233516F263A84E600E6B957 = {
						CreatedOnToolsVersion = 12.5;
					};
				};
			};
			buildConfigurationList = A233516B263A84E600E6B957 /* Build configuration list for PBXProject "QR-Code" */;
			compatibilityVersion = "Xcode 9.3";
			developmentRegion = en;
			hasScannedForEncodings = 0;
			knownRegions = (
				en,
				Base,
			);
			mainGroup = A2335167263A84E600E6B957;
			productRefGroup = A2335171263A84E600E6B957 /* Products */;
			projectDirPath = "";
			projectRoot = "";
			targets = (
				A233516F263A84E600E6B957 /* QR-Code */,
			);
		};
/* End PBXProject section */

/* Begin PBXResourcesBuildPhase section */
		A233516E263A84E600E6B957 /* Resources */ = {
			isa = PBXResourcesBuildPhase;
			buildActionMask = 2147483647;
			files = (
				A2335180263A84E600E6B957 /* LaunchScreen.storyboard in Resources */,
				A233517D263A84E600E6B957 /* Assets.xcassets in Resources */,
			);
			runOnlyForDeploymentPostprocessing = 0;
		};
/* End PBXResourcesBuildPhase section */

/* Begin PBXShellScriptBuildPhase section */
		6E477C57D2E8C46EB4781F26 /* [CP] Embed Pods Frameworks */ = {
			isa = PBXShellScriptBuildPhase;
			buildActionMask = 2147483647;
			files = (
			);
			inputFileListPaths = (
				"${PODS_ROOT}/Target Support Files/Pods-QR-Code/Pods-QR-Code-frameworks-${CONFIGURATION}-input-files.xcfilelist",
			);
			name = "[CP] Embed Pods Frameworks";
			outputFileListPaths = (
				"${PODS_ROOT}/Target Support Files/Pods-QR-Code/Pods-QR-Code-frameworks-${CONFIGURATION}-output-files.xcfilelist",
			);
			runOnlyForDeploymentPostprocessing = 0;
			shellPath = /bin/sh;
			shellScript = "\"${PODS_ROOT}/Target Support Files/Pods-QR-Code/Pods-QR-Code-frameworks.sh\"\n";
			showEnvVarsInLog = 0;
		};
		9BAB67163D0B4B65DC2C7606 /* [CP] Check Pods Manifest.lock */ = {
			isa = PBXShellScriptBuildPhase;
			buildActionMask = 2147483647;
			files = (
			);
			inputFileListPaths = (
			);
			inputPaths = (
				"${PODS_PODFILE_DIR_PATH}/Podfile.lock",
				"${PODS_ROOT}/Manifest.lock",
			);
			name = "[CP] Check Pods Manifest.lock";
			outputFileListPaths = (
			);
			outputPaths = (
				"$(DERIVED_FILE_DIR)/Pods-QR-Code-checkManifestLockResult.txt",
			);
			runOnlyForDeploymentPostprocessing = 0;
			shellPath = /bin/sh;
			shellScript = "diff \"${PODS_PODFILE_DIR_PATH}/Podfile.lock\" \"${PODS_ROOT}/Manifest.lock\" > /dev/null\nif [ $? != 0 ] ; then\n    # print error to STDERR\n    echo \"error: The sandbox is not in sync with the Podfile.lock. Run 'pod install' or update your CocoaPods installation.\" >&2\n    exit 1\nfi\n# This output is used by Xcode 'outputs' to avoid re-running this script phase.\necho \"SUCCESS\" > \"${SCRIPT_OUTPUT_FILE_0}\"\n";
			showEnvVarsInLog = 0;
		};
/* End PBXShellScriptBuildPhase section */

/* Begin PBXSourcesBuildPhase section */
		A233516C263A84E600E6B957 /* Sources */ = {
			isa = PBXSourcesBuildPhase;
			buildActionMask = 2147483647;
			files = (
				A2335178263A84E600E6B957 /* HomeViewController.swift in Sources */,
				A28F64282649B95E00CC4F33 /* BaseIbanNumberScannerViewController.swift in Sources */,
				A2B4A839264146BC00BBA700 /* QRCodeGenerator.swift in Sources */,
				A2B4A83526413EB700BBA700 /* ScannerOverlayPreviewLayer.swift in Sources */,
				A2335174263A84E600E6B957 /* AppDelegate.swift in Sources */,
				A28F64292649B95E00CC4F33 /* IbanNumberScannerPreviewView.swift in Sources */,
				A28F64272649B95E00CC4F33 /* IbanNumberScannerViewController.swift in Sources */,
				A2335188263AAD3700E6B957 /* QRCodeReaderViewController.swift in Sources */,
				A28F642A2649B95E00CC4F33 /* StringTracker.swift in Sources */,
				A243A06A264A6E7D00B69ED5 /* IbanNumberReader.swift in Sources */,
			);
			runOnlyForDeploymentPostprocessing = 0;
		};
/* End PBXSourcesBuildPhase section */

/* Begin PBXVariantGroup section */
		A233517E263A84E600E6B957 /* LaunchScreen.storyboard */ = {
			isa = PBXVariantGroup;
			children = (
				A233517F263A84E600E6B957 /* Base */,
			);
			name = LaunchScreen.storyboard;
			sourceTree = "<group>";
		};
/* End PBXVariantGroup section */

/* Begin XCBuildConfiguration section */
		A2335182263A84E600E6B957 /* Debug */ = {
			isa = XCBuildConfiguration;
			buildSettings = {
				ALWAYS_SEARCH_USER_PATHS = NO;
				CLANG_ANALYZER_NONNULL = YES;
				CLANG_ANALYZER_NUMBER_OBJECT_CONVERSION = YES_AGGRESSIVE;
				CLANG_CXX_LANGUAGE_STANDARD = "gnu++14";
				CLANG_CXX_LIBRARY = "libc++";
				CLANG_ENABLE_MODULES = YES;
				CLANG_ENABLE_OBJC_ARC = YES;
				CLANG_ENABLE_OBJC_WEAK = YES;
				CLANG_WARN_BLOCK_CAPTURE_AUTORELEASING = YES;
				CLANG_WARN_BOOL_CONVERSION = YES;
				CLANG_WARN_COMMA = YES;
				CLANG_WARN_CONSTANT_CONVERSION = YES;
				CLANG_WARN_DEPRECATED_OBJC_IMPLEMENTATIONS = YES;
				CLANG_WARN_DIRECT_OBJC_ISA_USAGE = YES_ERROR;
				CLANG_WARN_DOCUMENTATION_COMMENTS = YES;
				CLANG_WARN_EMPTY_BODY = YES;
				CLANG_WARN_ENUM_CONVERSION = YES;
				CLANG_WARN_INFINITE_RECURSION = YES;
				CLANG_WARN_INT_CONVERSION = YES;
				CLANG_WARN_NON_LITERAL_NULL_CONVERSION = YES;
				CLANG_WARN_OBJC_IMPLICIT_RETAIN_SELF = YES;
				CLANG_WARN_OBJC_LITERAL_CONVERSION = YES;
				CLANG_WARN_OBJC_ROOT_CLASS = YES_ERROR;
				CLANG_WARN_QUOTED_INCLUDE_IN_FRAMEWORK_HEADER = YES;
				CLANG_WARN_RANGE_LOOP_ANALYSIS = YES;
				CLANG_WARN_STRICT_PROTOTYPES = YES;
				CLANG_WARN_SUSPICIOUS_MOVE = YES;
				CLANG_WARN_UNGUARDED_AVAILABILITY = YES_AGGRESSIVE;
				CLANG_WARN_UNREACHABLE_CODE = YES;
				CLANG_WARN__DUPLICATE_METHOD_MATCH = YES;
				COPY_PHASE_STRIP = NO;
				DEBUG_INFORMATION_FORMAT = dwarf;
				ENABLE_STRICT_OBJC_MSGSEND = YES;
				ENABLE_TESTABILITY = YES;
				GCC_C_LANGUAGE_STANDARD = gnu11;
				GCC_DYNAMIC_NO_PIC = NO;
				GCC_NO_COMMON_BLOCKS = YES;
				GCC_OPTIMIZATION_LEVEL = 0;
				GCC_PREPROCESSOR_DEFINITIONS = (
					"DEBUG=1",
					"$(inherited)",
				);
				GCC_WARN_64_TO_32_BIT_CONVERSION = YES;
				GCC_WARN_ABOUT_RETURN_TYPE = YES_ERROR;
				GCC_WARN_UNDECLARED_SELECTOR = YES;
				GCC_WARN_UNINITIALIZED_AUTOS = YES_AGGRESSIVE;
				GCC_WARN_UNUSED_FUNCTION = YES;
				GCC_WARN_UNUSED_VARIABLE = YES;
				IPHONEOS_DEPLOYMENT_TARGET = 11.0;
				MTL_ENABLE_DEBUG_INFO = INCLUDE_SOURCE;
				MTL_FAST_MATH = YES;
				ONLY_ACTIVE_ARCH = YES;
				SDKROOT = iphoneos;
				SWIFT_ACTIVE_COMPILATION_CONDITIONS = DEBUG;
				SWIFT_OPTIMIZATION_LEVEL = "-Onone";
			};
			name = Debug;
		};
		A2335183263A84E600E6B957 /* Release */ = {
			isa = XCBuildConfiguration;
			buildSettings = {
				ALWAYS_SEARCH_USER_PATHS = NO;
				CLANG_ANALYZER_NONNULL = YES;
				CLANG_ANALYZER_NUMBER_OBJECT_CONVERSION = YES_AGGRESSIVE;
				CLANG_CXX_LANGUAGE_STANDARD = "gnu++14";
				CLANG_CXX_LIBRARY = "libc++";
				CLANG_ENABLE_MODULES = YES;
				CLANG_ENABLE_OBJC_ARC = YES;
				CLANG_ENABLE_OBJC_WEAK = YES;
				CLANG_WARN_BLOCK_CAPTURE_AUTORELEASING = YES;
				CLANG_WARN_BOOL_CONVERSION = YES;
				CLANG_WARN_COMMA = YES;
				CLANG_WARN_CONSTANT_CONVERSION = YES;
				CLANG_WARN_DEPRECATED_OBJC_IMPLEMENTATIONS = YES;
				CLANG_WARN_DIRECT_OBJC_ISA_USAGE = YES_ERROR;
				CLANG_WARN_DOCUMENTATION_COMMENTS = YES;
				CLANG_WARN_EMPTY_BODY = YES;
				CLANG_WARN_ENUM_CONVERSION = YES;
				CLANG_WARN_INFINITE_RECURSION = YES;
				CLANG_WARN_INT_CONVERSION = YES;
				CLANG_WARN_NON_LITERAL_NULL_CONVERSION = YES;
				CLANG_WARN_OBJC_IMPLICIT_RETAIN_SELF = YES;
				CLANG_WARN_OBJC_LITERAL_CONVERSION = YES;
				CLANG_WARN_OBJC_ROOT_CLASS = YES_ERROR;
				CLANG_WARN_QUOTED_INCLUDE_IN_FRAMEWORK_HEADER = YES;
				CLANG_WARN_RANGE_LOOP_ANALYSIS = YES;
				CLANG_WARN_STRICT_PROTOTYPES = YES;
				CLANG_WARN_SUSPICIOUS_MOVE = YES;
				CLANG_WARN_UNGUARDED_AVAILABILITY = YES_AGGRESSIVE;
				CLANG_WARN_UNREACHABLE_CODE = YES;
				CLANG_WARN__DUPLICATE_METHOD_MATCH = YES;
				COPY_PHASE_STRIP = NO;
				DEBUG_INFORMATION_FORMAT = "dwarf-with-dsym";
				ENABLE_NS_ASSERTIONS = NO;
				ENABLE_STRICT_OBJC_MSGSEND = YES;
				GCC_C_LANGUAGE_STANDARD = gnu11;
				GCC_NO_COMMON_BLOCKS = YES;
				GCC_WARN_64_TO_32_BIT_CONVERSION = YES;
				GCC_WARN_ABOUT_RETURN_TYPE = YES_ERROR;
				GCC_WARN_UNDECLARED_SELECTOR = YES;
				GCC_WARN_UNINITIALIZED_AUTOS = YES_AGGRESSIVE;
				GCC_WARN_UNUSED_FUNCTION = YES;
				GCC_WARN_UNUSED_VARIABLE = YES;
				IPHONEOS_DEPLOYMENT_TARGET = 11.0;
				MTL_ENABLE_DEBUG_INFO = NO;
				MTL_FAST_MATH = YES;
				SDKROOT = iphoneos;
				SWIFT_COMPILATION_MODE = wholemodule;
				SWIFT_OPTIMIZATION_LEVEL = "-O";
				VALIDATE_PRODUCT = YES;
			};
			name = Release;
		};
		A2335185263A84E600E6B957 /* Debug */ = {
			isa = XCBuildConfiguration;
			baseConfigurationReference = 7F02B053D40BB43C9544F76E /* Pods-QR-Code.debug.xcconfig */;
			buildSettings = {
				ASSETCATALOG_COMPILER_APPICON_NAME = AppIcon;
				ASSETCATALOG_COMPILER_GLOBAL_ACCENT_COLOR_NAME = AccentColor;
				CODE_SIGN_STYLE = Automatic;
				DEVELOPMENT_TEAM = QBL6G4ALK6;
				INFOPLIST_FILE = "QR-Code/Info.plist";
				IPHONEOS_DEPLOYMENT_TARGET = 11.0;
				LD_RUNPATH_SEARCH_PATHS = (
					"$(inherited)",
					"@executable_path/Frameworks",
				);
				PRODUCT_BUNDLE_IDENTIFIER = "com.Murat.init.QR-Code";
				PRODUCT_NAME = "$(TARGET_NAME)";
				SWIFT_VERSION = 5.0;
				TARGETED_DEVICE_FAMILY = "1,2";
			};
			name = Debug;
		};
		A2335186263A84E600E6B957 /* Release */ = {
			isa = XCBuildConfiguration;
			baseConfigurationReference = 45EFB8C121C5BB9FF184181D /* Pods-QR-Code.release.xcconfig */;
			buildSettings = {
				ASSETCATALOG_COMPILER_APPICON_NAME = AppIcon;
				ASSETCATALOG_COMPILER_GLOBAL_ACCENT_COLOR_NAME = AccentColor;
				CODE_SIGN_STYLE = Automatic;
				DEVELOPMENT_TEAM = QBL6G4ALK6;
				INFOPLIST_FILE = "QR-Code/Info.plist";
				IPHONEOS_DEPLOYMENT_TARGET = 11.0;
				LD_RUNPATH_SEARCH_PATHS = (
					"$(inherited)",
					"@executable_path/Frameworks",
				);
				PRODUCT_BUNDLE_IDENTIFIER = "com.Murat.init.QR-Code";
				PRODUCT_NAME = "$(TARGET_NAME)";
				SWIFT_VERSION = 5.0;
				TARGETED_DEVICE_FAMILY = "1,2";
			};
			name = Release;
		};
/* End XCBuildConfiguration section */

/* Begin XCConfigurationList section */
		A233516B263A84E600E6B957 /* Build configuration list for PBXProject "QR-Code" */ = {
			isa = XCConfigurationList;
			buildConfigurations = (
				A2335182263A84E600E6B957 /* Debug */,
				A2335183263A84E600E6B957 /* Release */,
			);
			defaultConfigurationIsVisible = 0;
			defaultConfigurationName = Release;
		};
		A2335184263A84E600E6B957 /* Build configuration list for PBXNativeTarget "QR-Code" */ = {
			isa = XCConfigurationList;
			buildConfigurations = (
				A2335185263A84E600E6B957 /* Debug */,
				A2335186263A84E600E6B957 /* Release */,
			);
			defaultConfigurationIsVisible = 0;
			defaultConfigurationName = Release;
		};
/* End XCConfigurationList section */
	};
	rootObject = A2335168263A84E600E6B957 /* Project object */;
}
